
Microsoft Visual Studio Solution File, Format Version 12.00
# Visual Studio 14
VisualStudioVersion = 14.0.23107.0
MinimumVisualStudioVersion = 10.0.40219.1
Project("{FAE04EC0-301F-11D3-BF4B-00C04F79EFBC}") = "Typeyatsu", "Typeyatsu\Typeyatsu.csproj", "{87469F73-043E-4B96-BFEB-589386B6DCC6}"
EndProject
Project("{FAE04EC0-301F-11D3-BF4B-00C04F79EFBC}") = "Typeyatsu.Core", "Typeyatsu.Core\Typeyatsu.Core.csproj", "{6B2325AA-A568-4746-AC3B-D166D25CCA4E}"
EndProject
Global
	GlobalSection(SolutionConfigurationPlatforms) = preSolution
		Debug|Any CPU = Debug|Any CPU
		Release|Any CPU = Release|Any CPU
	EndGlobalSection
	GlobalSection(ProjectConfigurationPlatforms) = postSolution
		{87469F73-043E-4B96-BFEB-589386B6DCC6}.Debug|Any CPU.ActiveCfg = Debug|Any CPU
		{87469F73-043E-4B96-BFEB-589386B6DCC6}.Debug|Any CPU.Build.0 = Debug|Any CPU
		{87469F73-043E-4B96-BFEB-589386B6DCC6}.Release|Any CPU.ActiveCfg = Release|Any CPU
		{87469F73-043E-4B96-BFEB-589386B6DCC6}.Release|Any CPU.Build.0 = Release|Any CPU
		{6B2325AA-A568-4746-AC3B-D166D25CCA4E}.Debug|Any CPU.ActiveCfg = Debug|Any CPU
		{6B2325AA-A568-4746-AC3B-D166D25CCA4E}.Debug|Any CPU.Build.0 = Debug|Any CPU
		{6B2325AA-A568-4746-AC3B-D166D25CCA4E}.Release|Any CPU.ActiveCfg = Release|Any CPU
		{6B2325AA-A568-4746-AC3B-D166D25CCA4E}.Release|Any CPU.Build.0 = Release|Any CPU
	EndGlobalSection
	GlobalSection(SolutionProperties) = preSolution
		HideSolutionNode = FALSE
	EndGlobalSection
EndGlobal
